// !$*UTF8*$!
{
	archiveVersion = 1;
	classes = {
	};
	objectVersion = 56;
	objects = {

/* Begin PBXBuildFile section */
		B8CA2B052A67851400785B7D /* AppDelegate.swift in Sources */ = {isa = PBXBuildFile; fileRef = B8CA2B042A67851400785B7D /* AppDelegate.swift */; };
		B8CA2B072A67851400785B7D /* SceneDelegate.swift in Sources */ = {isa = PBXBuildFile; fileRef = B8CA2B062A67851400785B7D /* SceneDelegate.swift */; };
		B8CA2B092A67851400785B7D /* ViewController.swift in Sources */ = {isa = PBXBuildFile; fileRef = B8CA2B082A67851400785B7D /* ViewController.swift */; };
		B8CA2B0C2A67851400785B7D /* Main.storyboard in Resources */ = {isa = PBXBuildFile; fileRef = B8CA2B0A2A67851400785B7D /* Main.storyboard */; };
		B8CA2B0E2A67851600785B7D /* Assets.xcassets in Resources */ = {isa = PBXBuildFile; fileRef = B8CA2B0D2A67851600785B7D /* Assets.xcassets */; };
		B8CA2B112A67851600785B7D /* LaunchScreen.storyboard in Resources */ = {isa = PBXBuildFile; fileRef = B8CA2B0F2A67851600785B7D /* LaunchScreen.storyboard */; };
		B8CA2B1F2A678A2C00785B7D /* Contact.swift in Sources */ = {isa = PBXBuildFile; fileRef = B8CA2B1E2A678A2C00785B7D /* Contact.swift */; };
		B8CA2B232A67907B00785B7D /* ContactTableViewCell.swift in Sources */ = {isa = PBXBuildFile; fileRef = B8CA2B212A67907B00785B7D /* ContactTableViewCell.swift */; };
		B8CA2B242A67907B00785B7D /* ContactTableViewCell.xib in Resources */ = {isa = PBXBuildFile; fileRef = B8CA2B222A67907B00785B7D /* ContactTableViewCell.xib */; };
		B8CA2B282A67946F00785B7D /* ContactVC.swift in Sources */ = {isa = PBXBuildFile; fileRef = B8CA2B272A67946F00785B7D /* ContactVC.swift */; };
/* End PBXBuildFile section */

/* Begin PBXFileReference section */
		B8CA2B012A67851400785B7D /* samvlu9.app */ = {isa = PBXFileReference; explicitFileType = wrapper.application; includeInIndex = 0; path = samvlu9.app; sourceTree = BUILT_PRODUCTS_DIR; };
		B8CA2B042A67851400785B7D /* AppDelegate.swift */ = {isa = PBXFileReference; lastKnownFileType = sourcecode.swift; path = AppDelegate.swift; sourceTree = "<group>"; };
		B8CA2B062A67851400785B7D /* SceneDelegate.swift */ = {isa = PBXFileReference; lastKnownFileType = sourcecode.swift; path = SceneDelegate.swift; sourceTree = "<group>"; };
		B8CA2B082A67851400785B7D /* ViewController.swift */ = {isa = PBXFileReference; lastKnownFileType = sourcecode.swift; path = ViewController.swift; sourceTree = "<group>"; };
		B8CA2B0B2A67851400785B7D /* Base */ = {isa = PBXFileReference; lastKnownFileType = file.storyboard; name = Base; path = Base.lproj/Main.storyboard; sourceTree = "<group>"; };
		B8CA2B0D2A67851600785B7D /* Assets.xcassets */ = {isa = PBXFileReference; lastKnownFileType = folder.assetcatalog; path = Assets.xcassets; sourceTree = "<group>"; };
		B8CA2B102A67851600785B7D /* Base */ = {isa = PBXFileReference; lastKnownFileType = file.storyboard; name = Base; path = Base.lproj/LaunchScreen.storyboard; sourceTree = "<group>"; };
		B8CA2B122A67851600785B7D /* Info.plist */ = {isa = PBXFileReference; lastKnownFileType = text.plist.xml; path = Info.plist; sourceTree = "<group>"; };
		B8CA2B1E2A678A2C00785B7D /* Contact.swift */ = {isa = PBXFileReference; lastKnownFileType = sourcecode.swift; path = Contact.swift; sourceTree = "<group>"; };
		B8CA2B212A67907B00785B7D /* ContactTableViewCell.swift */ = {isa = PBXFileReference; lastKnownFileType = sourcecode.swift; path = ContactTableViewCell.swift; sourceTree = "<group>"; };
		B8CA2B222A67907B00785B7D /* ContactTableViewCell.xib */ = {isa = PBXFileReference; lastKnownFileType = file.xib; path = ContactTableViewCell.xib; sourceTree = "<group>"; };
		B8CA2B272A67946F00785B7D /* ContactVC.swift */ = {isa = PBXFileReference; lastKnownFileType = sourcecode.swift; path = ContactVC.swift; sourceTree = "<group>"; };
/* End PBXFileReference section */

/* Begin PBXFrameworksBuildPhase section */
		B8CA2AFE2A67851400785B7D /* Frameworks */ = {
			isa = PBXFrameworksBuildPhase;
			buildActionMask = 2147483647;
			files = (
			);
			runOnlyForDeploymentPostprocessing = 0;
		};
/* End PBXFrameworksBuildPhase section */

/* Begin PBXGroup section */
		B8CA2AF82A67851400785B7D = {
			isa = PBXGroup;
			children = (
				B8CA2B032A67851400785B7D /* samvlu9 */,
				B8CA2B022A67851400785B7D /* Products */,
			);
			sourceTree = "<group>";
		};
		B8CA2B022A67851400785B7D /* Products */ = {
			isa = PBXGroup;
			children = (
				B8CA2B012A67851400785B7D /* samvlu9.app */,
			);
			name = Products;
			sourceTree = "<group>";
		};
		B8CA2B032A67851400785B7D /* samvlu9 */ = {
			isa = PBXGroup;
			children = (
				B8CA2B262A67945A00785B7D /* Controller */,
				B8CA2B252A67923A00785B7D /* View */,
				B8CA2B202A67906700785B7D /* Cell */,
				B8CA2B1D2A678A2000785B7D /* Model */,
				B8CA2B042A67851400785B7D /* AppDelegate.swift */,
				B8CA2B062A67851400785B7D /* SceneDelegate.swift */,
				B8CA2B0D2A67851600785B7D /* Assets.xcassets */,
				B8CA2B122A67851600785B7D /* Info.plist */,
			);
			path = samvlu9;
			sourceTree = "<group>";
		};
		B8CA2B1D2A678A2000785B7D /* Model */ = {
			isa = PBXGroup;
			children = (
				B8CA2B1E2A678A2C00785B7D /* Contact.swift */,
			);
			path = Model;
			sourceTree = "<group>";
		};
		B8CA2B202A67906700785B7D /* Cell */ = {
			isa = PBXGroup;
			children = (
				B8CA2B212A67907B00785B7D /* ContactTableViewCell.swift */,
				B8CA2B222A67907B00785B7D /* ContactTableViewCell.xib */,
			);
			path = Cell;
			sourceTree = "<group>";
		};
		B8CA2B252A67923A00785B7D /* View */ = {
			isa = PBXGroup;
			children = (
				B8CA2B0A2A67851400785B7D /* Main.storyboard */,
				B8CA2B0F2A67851600785B7D /* LaunchScreen.storyboard */,
			);
			path = View;
			sourceTree = "<group>";
		};
		B8CA2B262A67945A00785B7D /* Controller */ = {
			isa = PBXGroup;
			children = (
				B8CA2B082A67851400785B7D /* ViewController.swift */,
				B8CA2B272A67946F00785B7D /* ContactVC.swift */,
			);
			path = Controller;
			sourceTree = "<group>";
		};
/* End PBXGroup section */

/* Begin PBXNativeTarget section */
		B8CA2B002A67851400785B7D /* samvlu9 */ = {
			isa = PBXNativeTarget;
			buildConfigurationList = B8CA2B152A67851600785B7D /* Build configuration list for PBXNativeTarget "samvlu9" */;
			buildPhases = (
				B8CA2AFD2A67851400785B7D /* Sources */,
				B8CA2AFE2A67851400785B7D /* Frameworks */,
				B8CA2AFF2A67851400785B7D /* Resources */,
			);
			buildRules = (
			);
			dependencies = (
			);
			name = samvlu9;
			productName = samvlu9;
			productReference = B8CA2B012A67851400785B7D /* samvlu9.app */;
			productType = "com.apple.product-type.application";
		};
/* End PBXNativeTarget section */

/* Begin PBXProject section */
		B8CA2AF92A67851400785B7D /* Project object */ = {
			isa = PBXProject;
			attributes = {
				BuildIndependentTargetsInParallel = 1;
				LastSwiftUpdateCheck = 1430;
				LastUpgradeCheck = 1430;
				TargetAttributes = {
					B8CA2B002A67851400785B7D = {
						CreatedOnToolsVersion = 14.3;
					};
				};
			};
			buildConfigurationList = B8CA2AFC2A67851400785B7D /* Build configuration list for PBXProject "samvlu9" */;
			compatibilityVersion = "Xcode 14.0";
			developmentRegion = en;
			hasScannedForEncodings = 0;
			knownRegions = (
				en,
				Base,
			);
			mainGroup = B8CA2AF82A67851400785B7D;
			productRefGroup = B8CA2B022A67851400785B7D /* Products */;
			projectDirPath = "";
			projectRoot = "";
			targets = (
				B8CA2B002A67851400785B7D /* samvlu9 */,
			);
		};
/* End PBXProject section */

/* Begin PBXResourcesBuildPhase section */
		B8CA2AFF2A67851400785B7D /* Resources */ = {
			isa = PBXResourcesBuildPhase;
			buildActionMask = 2147483647;
			files = (
				B8CA2B242A67907B00785B7D /* ContactTableViewCell.xib in Resources */,
				B8CA2B112A67851600785B7D /* LaunchScreen.storyboard in Resources */,
				B8CA2B0E2A67851600785B7D /* Assets.xcassets in Resources */,
				B8CA2B0C2A67851400785B7D /* Main.storyboard in Resources */,
			);
			runOnlyForDeploymentPostprocessing = 0;
		};
/* End PBXResourcesBuildPhase section */

/* Begin PBXSourcesBuildPhase section */
		B8CA2AFD2A67851400785B7D /* Sources */ = {
			isa = PBXSourcesBuildPhase;
			buildActionMask = 2147483647;
			files = (
				B8CA2B092A67851400785B7D /* ViewController.swift in Sources */,
				B8CA2B232A67907B00785B7D /* ContactTableViewCell.swift in Sources */,
				B8CA2B1F2A678A2C00785B7D /* Contact.swift in Sources */,
				B8CA2B282A67946F00785B7D /* ContactVC.swift in Sources */,
				B8CA2B052A67851400785B7D /* AppDelegate.swift in Sources */,
				B8CA2B072A67851400785B7D /* SceneDelegate.swift in Sources */,
			);
			runOnlyForDeploymentPostprocessing = 0;
		};
/* End PBXSourcesBuildPhase section */

/* Begin PBXVariantGroup section */
		B8CA2B0A2A67851400785B7D /* Main.storyboard */ = {
			isa = PBXVariantGroup;
			children = (
				B8CA2B0B2A67851400785B7D /* Base */,
			);
			name = Main.storyboard;
			sourceTree = "<group>";
		};
		B8CA2B0F2A67851600785B7D /* LaunchScreen.storyboard */ = {
			isa = PBXVariantGroup;
			children = (
				B8CA2B102A67851600785B7D /* Base */,
			);
			name = LaunchScreen.storyboard;
			sourceTree = "<group>";
		};
/* End PBXVariantGroup section */

/* Begin XCBuildConfiguration section */
		B8CA2B132A67851600785B7D /* Debug */ = {
			isa = XCBuildConfiguration;
			buildSettings = {
				ALWAYS_SEARCH_USER_PATHS = NO;
				CLANG_ANALYZER_NONNULL = YES;
				CLANG_ANALYZER_NUMBER_OBJECT_CONVERSION = YES_AGGRESSIVE;
				CLANG_CXX_LANGUAGE_STANDARD = "gnu++20";
				CLANG_ENABLE_MODULES = YES;
				CLANG_ENABLE_OBJC_ARC = YES;
				CLANG_ENABLE_OBJC_WEAK = YES;
				CLANG_WARN_BLOCK_CAPTURE_AUTORELEASING = YES;
				CLANG_WARN_BOOL_CONVERSION = YES;
				CLANG_WARN_COMMA = YES;
				CLANG_WARN_CONSTANT_CONVERSION = YES;
				CLANG_WARN_DEPRECATED_OBJC_IMPLEMENTATIONS = YES;
				CLANG_WARN_DIRECT_OBJC_ISA_USAGE = YES_ERROR;
				CLANG_WARN_DOCUMENTATION_COMMENTS = YES;
				CLANG_WARN_EMPTY_BODY = YES;
				CLANG_WARN_ENUM_CONVERSION = YES;
				CLANG_WARN_INFINITE_RECURSION = YES;
				CLANG_WARN_INT_CONVERSION = YES;
				CLANG_WARN_NON_LITERAL_NULL_CONVERSION = YES;
				CLANG_WARN_OBJC_IMPLICIT_RETAIN_SELF = YES;
				CLANG_WARN_OBJC_LITERAL_CONVERSION = YES;
				CLANG_WARN_OBJC_ROOT_CLASS = YES_ERROR;
				CLANG_WARN_QUOTED_INCLUDE_IN_FRAMEWORK_HEADER = YES;
				CLANG_WARN_RANGE_LOOP_ANALYSIS = YES;
				CLANG_WARN_STRICT_PROTOTYPES = YES;
				CLANG_WARN_SUSPICIOUS_MOVE = YES;
				CLANG_WARN_UNGUARDED_AVAILABILITY = YES_AGGRESSIVE;
				CLANG_WARN_UNREACHABLE_CODE = YES;
				CLANG_WARN__DUPLICATE_METHOD_MATCH = YES;
				COPY_PHASE_STRIP = NO;
				DEBUG_INFORMATION_FORMAT = dwarf;
				ENABLE_STRICT_OBJC_MSGSEND = YES;
				ENABLE_TESTABILITY = YES;
				GCC_C_LANGUAGE_STANDARD = gnu11;
				GCC_DYNAMIC_NO_PIC = NO;
				GCC_NO_COMMON_BLOCKS = YES;
				GCC_OPTIMIZATION_LEVEL = 0;
				GCC_PREPROCESSOR_DEFINITIONS = (
					"DEBUG=1",
					"$(inherited)",
				);
				GCC_WARN_64_TO_32_BIT_CONVERSION = YES;
				GCC_WARN_ABOUT_RETURN_TYPE = YES_ERROR;
				GCC_WARN_UNDECLARED_SELECTOR = YES;
				GCC_WARN_UNINITIALIZED_AUTOS = YES_AGGRESSIVE;
				GCC_WARN_UNUSED_FUNCTION = YES;
				GCC_WARN_UNUSED_VARIABLE = YES;
				IPHONEOS_DEPLOYMENT_TARGET = 16.4;
				MTL_ENABLE_DEBUG_INFO = INCLUDE_SOURCE;
				MTL_FAST_MATH = YES;
				ONLY_ACTIVE_ARCH = YES;
				SDKROOT = iphoneos;
				SWIFT_ACTIVE_COMPILATION_CONDITIONS = DEBUG;
				SWIFT_OPTIMIZATION_LEVEL = "-Onone";
			};
			name = Debug;
		};
		B8CA2B142A67851600785B7D /* Release */ = {
			isa = XCBuildConfiguration;
			buildSettings = {
				ALWAYS_SEARCH_USER_PATHS = NO;
				CLANG_ANALYZER_NONNULL = YES;
				CLANG_ANALYZER_NUMBER_OBJECT_CONVERSION = YES_AGGRESSIVE;
				CLANG_CXX_LANGUAGE_STANDARD = "gnu++20";
				CLANG_ENABLE_MODULES = YES;
				CLANG_ENABLE_OBJC_ARC = YES;
				CLANG_ENABLE_OBJC_WEAK = YES;
				CLANG_WARN_BLOCK_CAPTURE_AUTORELEASING = YES;
				CLANG_WARN_BOOL_CONVERSION = YES;
				CLANG_WARN_COMMA = YES;
				CLANG_WARN_CONSTANT_CONVERSION = YES;
				CLANG_WARN_DEPRECATED_OBJC_IMPLEMENTATIONS = YES;
				CLANG_WARN_DIRECT_OBJC_ISA_USAGE = YES_ERROR;
				CLANG_WARN_DOCUMENTATION_COMMENTS = YES;
				CLANG_WARN_EMPTY_BODY = YES;
				CLANG_WARN_ENUM_CONVERSION = YES;
				CLANG_WARN_INFINITE_RECURSION = YES;
				CLANG_WARN_INT_CONVERSION = YES;
				CLANG_WARN_NON_LITERAL_NULL_CONVERSION = YES;
				CLANG_WARN_OBJC_IMPLICIT_RETAIN_SELF = YES;
				CLANG_WARN_OBJC_LITERAL_CONVERSION = YES;
				CLANG_WARN_OBJC_ROOT_CLASS = YES_ERROR;
				CLANG_WARN_QUOTED_INCLUDE_IN_FRAMEWORK_HEADER = YES;
				CLANG_WARN_RANGE_LOOP_ANALYSIS = YES;
				CLANG_WARN_STRICT_PROTOTYPES = YES;
				CLANG_WARN_SUSPICIOUS_MOVE = YES;
				CLANG_WARN_UNGUARDED_AVAILABILITY = YES_AGGRESSIVE;
				CLANG_WARN_UNREACHABLE_CODE = YES;
				CLANG_WARN__DUPLICATE_METHOD_MATCH = YES;
				COPY_PHASE_STRIP = NO;
				DEBUG_INFORMATION_FORMAT = "dwarf-with-dsym";
				ENABLE_NS_ASSERTIONS = NO;
				ENABLE_STRICT_OBJC_MSGSEND = YES;
				GCC_C_LANGUAGE_STANDARD = gnu11;
				GCC_NO_COMMON_BLOCKS = YES;
				GCC_WARN_64_TO_32_BIT_CONVERSION = YES;
				GCC_WARN_ABOUT_RETURN_TYPE = YES_ERROR;
				GCC_WARN_UNDECLARED_SELECTOR = YES;
				GCC_WARN_UNINITIALIZED_AUTOS = YES_AGGRESSIVE;
				GCC_WARN_UNUSED_FUNCTION = YES;
				GCC_WARN_UNUSED_VARIABLE = YES;
				IPHONEOS_DEPLOYMENT_TARGET = 16.4;
				MTL_ENABLE_DEBUG_INFO = NO;
				MTL_FAST_MATH = YES;
				SDKROOT = iphoneos;
				SWIFT_COMPILATION_MODE = wholemodule;
				SWIFT_OPTIMIZATION_LEVEL = "-O";
				VALIDATE_PRODUCT = YES;
			};
			name = Release;
		};
		B8CA2B162A67851600785B7D /* Debug */ = {
			isa = XCBuildConfiguration;
			buildSettings = {
				ASSETCATALOG_COMPILER_APPICON_NAME = AppIcon;
				ASSETCATALOG_COMPILER_GLOBAL_ACCENT_COLOR_NAME = AccentColor;
				CODE_SIGN_STYLE = Automatic;
				CURRENT_PROJECT_VERSION = 1;
				DEVELOPMENT_TEAM = AY5M8ZSZ4H;
				GENERATE_INFOPLIST_FILE = YES;
				INFOPLIST_FILE = samvlu9/Info.plist;
				INFOPLIST_KEY_UIApplicationSupportsIndirectInputEvents = YES;
				INFOPLIST_KEY_UILaunchStoryboardName = LaunchScreen;
				INFOPLIST_KEY_UIMainStoryboardFile = Main;
				INFOPLIST_KEY_UISupportedInterfaceOrientations_iPad = "UIInterfaceOrientationPortrait UIInterfaceOrientationPortraitUpsideDown UIInterfaceOrientationLandscapeLeft UIInterfaceOrientationLandscapeRight";
				INFOPLIST_KEY_UISupportedInterfaceOrientations_iPhone = "UIInterfaceOrientationPortrait UIInterfaceOrientationLandscapeLeft UIInterfaceOrientationLandscapeRight";
				LD_RUNPATH_SEARCH_PATHS = (
					"$(inherited)",
					"@executable_path/Frameworks",
				);
				MARKETING_VERSION = 1.0;
				PRODUCT_BUNDLE_IDENTIFIER = com.khue.samvlu9;
				PRODUCT_NAME = "$(TARGET_NAME)";
				SWIFT_EMIT_LOC_STRINGS = YES;
				SWIFT_VERSION = 5.0;
				TARGETED_DEVICE_FAMILY = "1,2";
			};
			name = Debug;
		};
		B8CA2B172A67851600785B7D /* Release */ = {
			isa = XCBuildConfiguration;
			buildSettings = {
				ASSETCATALOG_COMPILER_APPICON_NAME = AppIcon;
				ASSETCATALOG_COMPILER_GLOBAL_ACCENT_COLOR_NAME = AccentColor;
				CODE_SIGN_STYLE = Automatic;
				CURRENT_PROJECT_VERSION = 1;
				DEVELOPMENT_TEAM = AY5M8ZSZ4H;
				GENERATE_INFOPLIST_FILE = YES;
				INFOPLIST_FILE = samvlu9/Info.plist;
				INFOPLIST_KEY_UIApplicationSupportsIndirectInputEvents = YES;
				INFOPLIST_KEY_UILaunchStoryboardName = LaunchScreen;
				INFOPLIST_KEY_UIMainStoryboardFile = Main;
				INFOPLIST_KEY_UISupportedInterfaceOrientations_iPad = "UIInterfaceOrientationPortrait UIInterfaceOrientationPortraitUpsideDown UIInterfaceOrientationLandscapeLeft UIInterfaceOrientationLandscapeRight";
				INFOPLIST_KEY_UISupportedInterfaceOrientations_iPhone = "UIInterfaceOrientationPortrait UIInterfaceOrientationLandscapeLeft UIInterfaceOrientationLandscapeRight";
				LD_RUNPATH_SEARCH_PATHS = (
					"$(inherited)",
					"@executable_path/Frameworks",
				);
				MARKETING_VERSION = 1.0;
				PRODUCT_BUNDLE_IDENTIFIER = com.khue.samvlu9;
				PRODUCT_NAME = "$(TARGET_NAME)";
				SWIFT_EMIT_LOC_STRINGS = YES;
				SWIFT_VERSION = 5.0;
				TARGETED_DEVICE_FAMILY = "1,2";
			};
			name = Release;
		};
/* End XCBuildConfiguration section */

/* Begin XCConfigurationList section */
		B8CA2AFC2A67851400785B7D /* Build configuration list for PBXProject "samvlu9" */ = {
			isa = XCConfigurationList;
			buildConfigurations = (
				B8CA2B132A67851600785B7D /* Debug */,
				B8CA2B142A67851600785B7D /* Release */,
			);
			defaultConfigurationIsVisible = 0;
			defaultConfigurationName = Release;
		};
		B8CA2B152A67851600785B7D /* Build configuration list for PBXNativeTarget "samvlu9" */ = {
			isa = XCConfigurationList;
			buildConfigurations = (
				B8CA2B162A67851600785B7D /* Debug */,
				B8CA2B172A67851600785B7D /* Release */,
			);
			defaultConfigurationIsVisible = 0;
			defaultConfigurationName = Release;
		};
/* End XCConfigurationList section */
	};
	rootObject = B8CA2AF92A67851400785B7D /* Project object */;
}
